
Microsoft Visual Studio Solution File, Format Version 12.00
# Visual Studio 14
VisualStudioVersion = 14.0.23107.0
MinimumVisualStudioVersion = 10.0.40219.1
Project("{FAE04EC0-301F-11D3-BF4B-00C04F79EFBC}") = "MaslowBox", "MaslowBox\MaslowBox.csproj", "{EE24F59A-D1AA-465B-8271-79D66CE54F71}"
EndProject
Global
	GlobalSection(SolutionConfigurationPlatforms) = preSolution
		Debug|Any CPU = Debug|Any CPU
		Release|Any CPU = Release|Any CPU
	EndGlobalSection
	GlobalSection(ProjectConfigurationPlatforms) = postSolution
		{EE24F59A-D1AA-465B-8271-79D66CE54F71}.Debug|Any CPU.ActiveCfg = Debug|Any CPU
		{EE24F59A-D1AA-465B-8271-79D66CE54F71}.Debug|Any CPU.Build.0 = Debug|Any CPU
		{EE24F59A-D1AA-465B-8271-79D66CE54F71}.Release|Any CPU.ActiveCfg = Release|Any CPU
		{EE24F59A-D1AA-465B-8271-79D66CE54F71}.Release|Any CPU.Build.0 = Release|Any CPU
	EndGlobalSection
	GlobalSection(SolutionProperties) = preSolution
		HideSolutionNode = FALSE
	EndGlobalSection
EndGlobal
